// !$*UTF8*$!
{
	archiveVersion = 1;
	classes = {
	};
	objectVersion = 46;
	objects = {

/* Begin PBXBuildFile section */
		29BD7ECE1DB80E62003CD09D /* AppDelegate.swift in Sources */ = {isa = PBXBuildFile; fileRef = 29BD7ECD1DB80E62003CD09D /* AppDelegate.swift */; };
		29BD7ED01DB80E62003CD09D /* ViewController.swift in Sources */ = {isa = PBXBuildFile; fileRef = 29BD7ECF1DB80E62003CD09D /* ViewController.swift */; };
		29BD7ED31DB80E62003CD09D /* Main.storyboard in Resources */ = {isa = PBXBuildFile; fileRef = 29BD7ED11DB80E62003CD09D /* Main.storyboard */; };
		29BD7ED51DB80E62003CD09D /* Assets.xcassets in Resources */ = {isa = PBXBuildFile; fileRef = 29BD7ED41DB80E62003CD09D /* Assets.xcassets */; };
		29BD7ED81DB80E62003CD09D /* LaunchScreen.storyboard in Resources */ = {isa = PBXBuildFile; fileRef = 29BD7ED61DB80E62003CD09D /* LaunchScreen.storyboard */; };
/* End PBXBuildFile section */

/* Begin PBXFileReference section */
		29BD7ECA1DB80E62003CD09D /* Facelet.app */ = {isa = PBXFileReference; explicitFileType = wrapper.application; includeInIndex = 0; path = Facelet.app; sourceTree = BUILT_PRODUCTS_DIR; };
		29BD7ECD1DB80E62003CD09D /* AppDelegate.swift */ = {isa = PBXFileReference; lastKnownFileType = sourcecode.swift; path = AppDelegate.swift; sourceTree = "<group>"; };
		29BD7ECF1DB80E62003CD09D /* ViewController.swift */ = {isa = PBXFileReference; lastKnownFileType = sourcecode.swift; path = ViewController.swift; sourceTree = "<group>"; };
		29BD7ED21DB80E62003CD09D /* Base */ = {isa = PBXFileReference; lastKnownFileType = file.storyboard; name = Base; path = Base.lproj/Main.storyboard; sourceTree = "<group>"; };
		29BD7ED41DB80E62003CD09D /* Assets.xcassets */ = {isa = PBXFileReference; lastKnownFileType = folder.assetcatalog; path = Assets.xcassets; sourceTree = "<group>"; };
		29BD7ED71DB80E62003CD09D /* Base */ = {isa = PBXFileReference; lastKnownFileType = file.storyboard; name = Base; path = Base.lproj/LaunchScreen.storyboard; sourceTree = "<group>"; };
		29BD7ED91DB80E62003CD09D /* Info.plist */ = {isa = PBXFileReference; lastKnownFileType = text.plist.xml; path = Info.plist; sourceTree = "<group>"; };
/* End PBXFileReference section */

/* Begin PBXFrameworksBuildPhase section */
		29BD7EC71DB80E62003CD09D /* Frameworks */ = {
			isa = PBXFrameworksBuildPhase;
			buildActionMask = 2147483647;
			files = (
			);
			runOnlyForDeploymentPostprocessing = 0;
		};
/* End PBXFrameworksBuildPhase section */

/* Begin PBXGroup section */
		29BD7EC11DB80E62003CD09D = {
			isa = PBXGroup;
			children = (
				29BD7ECC1DB80E62003CD09D /* Facelet */,
				29BD7ECB1DB80E62003CD09D /* Products */,
			);
			sourceTree = "<group>";
		};
		29BD7ECB1DB80E62003CD09D /* Products */ = {
			isa = PBXGroup;
			children = (
				29BD7ECA1DB80E62003CD09D /* Facelet.app */,
			);
			name = Products;
			sourceTree = "<group>";
		};
		29BD7ECC1DB80E62003CD09D /* Facelet */ = {
			isa = PBXGroup;
			children = (
				29BD7ECD1DB80E62003CD09D /* AppDelegate.swift */,
				29BD7ECF1DB80E62003CD09D /* ViewController.swift */,
				29BD7ED11DB80E62003CD09D /* Main.storyboard */,
				29BD7ED41DB80E62003CD09D /* Assets.xcassets */,
				29BD7ED61DB80E62003CD09D /* LaunchScreen.storyboard */,
				29BD7ED91DB80E62003CD09D /* Info.plist */,
			);
			path = Facelet;
			sourceTree = "<group>";
		};
/* End PBXGroup section */

/* Begin PBXNativeTarget section */
		29BD7EC91DB80E62003CD09D /* Facelet */ = {
			isa = PBXNativeTarget;
			buildConfigurationList = 29BD7EDC1DB80E62003CD09D /* Build configuration list for PBXNativeTarget "Facelet" */;
			buildPhases = (
				29BD7EC61DB80E62003CD09D /* Sources */,
				29BD7EC71DB80E62003CD09D /* Frameworks */,
				29BD7EC81DB80E62003CD09D /* Resources */,
			);
			buildRules = (
			);
			dependencies = (
			);
			name = Facelet;
			productName = Facelet;
			productReference = 29BD7ECA1DB80E62003CD09D /* Facelet.app */;
			productType = "com.apple.product-type.application";
		};
/* End PBXNativeTarget section */

/* Begin PBXProject section */
		29BD7EC21DB80E62003CD09D /* Project object */ = {
			isa = PBXProject;
			attributes = {
				LastSwiftUpdateCheck = 0800;
				LastUpgradeCheck = 0800;
				ORGANIZATIONNAME = IBM;
				TargetAttributes = {
					29BD7EC91DB80E62003CD09D = {
						CreatedOnToolsVersion = 8.0;
						ProvisioningStyle = Automatic;
					};
				};
			};
			buildConfigurationList = 29BD7EC51DB80E62003CD09D /* Build configuration list for PBXProject "Facelet" */;
			compatibilityVersion = "Xcode 3.2";
			developmentRegion = English;
			hasScannedForEncodings = 0;
			knownRegions = (
				en,
				Base,
			);
			mainGroup = 29BD7EC11DB80E62003CD09D;
			productRefGroup = 29BD7ECB1DB80E62003CD09D /* Products */;
			projectDirPath = "";
			projectRoot = "";
			targets = (
				29BD7EC91DB80E62003CD09D /* Facelet */,
			);
		};
/* End PBXProject section */

/* Begin PBXResourcesBuildPhase section */
		29BD7EC81DB80E62003CD09D /* Resources */ = {
			isa = PBXResourcesBuildPhase;
			buildActionMask = 2147483647;
			files = (
				29BD7ED81DB80E62003CD09D /* LaunchScreen.storyboard in Resources */,
				29BD7ED51DB80E62003CD09D /* Assets.xcassets in Resources */,
				29BD7ED31DB80E62003CD09D /* Main.storyboard in Resources */,
			);
			runOnlyForDeploymentPostprocessing = 0;
		};
/* End PBXResourcesBuildPhase section */

/* Begin PBXSourcesBuildPhase section */
		29BD7EC61DB80E62003CD09D /* Sources */ = {
			isa = PBXSourcesBuildPhase;
			buildActionMask = 2147483647;
			files = (
				29BD7ED01DB80E62003CD09D /* ViewController.swift in Sources */,
				29BD7ECE1DB80E62003CD09D /* AppDelegate.swift in Sources */,
			);
			runOnlyForDeploymentPostprocessing = 0;
		};
/* End PBXSourcesBuildPhase section */

/* Begin PBXVariantGroup section */
		29BD7ED11DB80E62003CD09D /* Main.storyboard */ = {
			isa = PBXVariantGroup;
			children = (
				29BD7ED21DB80E62003CD09D /* Base */,
			);
			name = Main.storyboard;
			sourceTree = "<group>";
		};
		29BD7ED61DB80E62003CD09D /* LaunchScreen.storyboard */ = {
			isa = PBXVariantGroup;
			children = (
				29BD7ED71DB80E62003CD09D /* Base */,
			);
			name = LaunchScreen.storyboard;
			sourceTree = "<group>";
		};
/* End PBXVariantGroup section */

/* Begin XCBuildConfiguration section */
		29BD7EDA1DB80E62003CD09D /* Debug */ = {
			isa = XCBuildConfiguration;
			buildSettings = {
				ALWAYS_SEARCH_USER_PATHS = NO;
				CLANG_ANALYZER_NONNULL = YES;
				CLANG_CXX_LANGUAGE_STANDARD = "gnu++0x";
				CLANG_CXX_LIBRARY = "libc++";
				CLANG_ENABLE_MODULES = YES;
				CLANG_ENABLE_OBJC_ARC = YES;
				CLANG_WARN_BOOL_CONVERSION = YES;
				CLANG_WARN_CONSTANT_CONVERSION = YES;
				CLANG_WARN_DIRECT_OBJC_ISA_USAGE = YES_ERROR;
				CLANG_WARN_DOCUMENTATION_COMMENTS = YES;
				CLANG_WARN_EMPTY_BODY = YES;
				CLANG_WARN_ENUM_CONVERSION = YES;
				CLANG_WARN_INFINITE_RECURSION = YES;
				CLANG_WARN_INT_CONVERSION = YES;
				CLANG_WARN_OBJC_ROOT_CLASS = YES_ERROR;
				CLANG_WARN_SUSPICIOUS_MOVES = YES;
				CLANG_WARN_UNREACHABLE_CODE = YES;
				CLANG_WARN__DUPLICATE_METHOD_MATCH = YES;
				"CODE_SIGN_IDENTITY[sdk=iphoneos*]" = "iPhone Developer";
				COPY_PHASE_STRIP = NO;
				DEBUG_INFORMATION_FORMAT = dwarf;
				ENABLE_STRICT_OBJC_MSGSEND = YES;
				ENABLE_TESTABILITY = YES;
				GCC_C_LANGUAGE_STANDARD = gnu99;
				GCC_DYNAMIC_NO_PIC = NO;
				GCC_NO_COMMON_BLOCKS = YES;
				GCC_OPTIMIZATION_LEVEL = 0;
				GCC_PREPROCESSOR_DEFINITIONS = (
					"DEBUG=1",
					"$(inherited)",
				);
				GCC_WARN_64_TO_32_BIT_CONVERSION = YES;
				GCC_WARN_ABOUT_RETURN_TYPE = YES_ERROR;
				GCC_WARN_UNDECLARED_SELECTOR = YES;
				GCC_WARN_UNINITIALIZED_AUTOS = YES_AGGRESSIVE;
				GCC_WARN_UNUSED_FUNCTION = YES;
				GCC_WARN_UNUSED_VARIABLE = YES;
				IPHONEOS_DEPLOYMENT_TARGET = 10.0;
				MTL_ENABLE_DEBUG_INFO = YES;
				ONLY_ACTIVE_ARCH = YES;
				SDKROOT = iphoneos;
				SWIFT_ACTIVE_COMPILATION_CONDITIONS = DEBUG;
				SWIFT_OPTIMIZATION_LEVEL = "-Onone";
				TARGETED_DEVICE_FAMILY = "1,2";
			};
			name = Debug;
		};
		29BD7EDB1DB80E62003CD09D /* Release */ = {
			isa = XCBuildConfiguration;
			buildSettings = {
				ALWAYS_SEARCH_USER_PATHS = NO;
				CLANG_ANALYZER_NONNULL = YES;
				CLANG_CXX_LANGUAGE_STANDARD = "gnu++0x";
				CLANG_CXX_LIBRARY = "libc++";
				CLANG_ENABLE_MODULES = YES;
				CLANG_ENABLE_OBJC_ARC = YES;
				CLANG_WARN_BOOL_CONVERSION = YES;
				CLANG_WARN_CONSTANT_CONVERSION = YES;
				CLANG_WARN_DIRECT_OBJC_ISA_USAGE = YES_ERROR;
				CLANG_WARN_DOCUMENTATION_COMMENTS = YES;
				CLANG_WARN_EMPTY_BODY = YES;
				CLANG_WARN_ENUM_CONVERSION = YES;
				CLANG_WARN_INFINITE_RECURSION = YES;
				CLANG_WARN_INT_CONVERSION = YES;
				CLANG_WARN_OBJC_ROOT_CLASS = YES_ERROR;
				CLANG_WARN_SUSPICIOUS_MOVES = YES;
				CLANG_WARN_UNREACHABLE_CODE = YES;
				CLANG_WARN__DUPLICATE_METHOD_MATCH = YES;
				"CODE_SIGN_IDENTITY[sdk=iphoneos*]" = "iPhone Developer";
				COPY_PHASE_STRIP = NO;
				DEBUG_INFORMATION_FORMAT = "dwarf-with-dsym";
				ENABLE_NS_ASSERTIONS = NO;
				ENABLE_STRICT_OBJC_MSGSEND = YES;
				GCC_C_LANGUAGE_STANDARD = gnu99;
				GCC_NO_COMMON_BLOCKS = YES;
				GCC_WARN_64_TO_32_BIT_CONVERSION = YES;
				GCC_WARN_ABOUT_RETURN_TYPE = YES_ERROR;
				GCC_WARN_UNDECLARED_SELECTOR = YES;
				GCC_WARN_UNINITIALIZED_AUTOS = YES_AGGRESSIVE;
				GCC_WARN_UNUSED_FUNCTION = YES;
				GCC_WARN_UNUSED_VARIABLE = YES;
				IPHONEOS_DEPLOYMENT_TARGET = 10.0;
				MTL_ENABLE_DEBUG_INFO = NO;
				SDKROOT = iphoneos;
				SWIFT_OPTIMIZATION_LEVEL = "-Owholemodule";
				TARGETED_DEVICE_FAMILY = "1,2";
				VALIDATE_PRODUCT = YES;
			};
			name = Release;
		};
		29BD7EDD1DB80E62003CD09D /* Debug */ = {
			isa = XCBuildConfiguration;
			buildSettings = {
				ASSETCATALOG_COMPILER_APPICON_NAME = AppIcon;
				INFOPLIST_FILE = Facelet/Info.plist;
				LD_RUNPATH_SEARCH_PATHS = "$(inherited) @executable_path/Frameworks";
				PRODUCT_BUNDLE_IDENTIFIER = com.ibm.verse.panpan.Facelet;
				PRODUCT_NAME = "$(TARGET_NAME)";
				SWIFT_VERSION = 3.0;
			};
			name = Debug;
		};
		29BD7EDE1DB80E62003CD09D /* Release */ = {
			isa = XCBuildConfiguration;
			buildSettings = {
				ASSETCATALOG_COMPILER_APPICON_NAME = AppIcon;
				INFOPLIST_FILE = Facelet/Info.plist;
				LD_RUNPATH_SEARCH_PATHS = "$(inherited) @executable_path/Frameworks";
				PRODUCT_BUNDLE_IDENTIFIER = com.ibm.verse.panpan.Facelet;
				PRODUCT_NAME = "$(TARGET_NAME)";
				SWIFT_VERSION = 3.0;
			};
			name = Release;
		};
/* End XCBuildConfiguration section */

/* Begin XCConfigurationList section */
		29BD7EC51DB80E62003CD09D /* Build configuration list for PBXProject "Facelet" */ = {
			isa = XCConfigurationList;
			buildConfigurations = (
				29BD7EDA1DB80E62003CD09D /* Debug */,
				29BD7EDB1DB80E62003CD09D /* Release */,
			);
			defaultConfigurationIsVisible = 0;
			defaultConfigurationName = Release;
		};
		29BD7EDC1DB80E62003CD09D /* Build configuration list for PBXNativeTarget "Facelet" */ = {
			isa = XCConfigurationList;
			buildConfigurations = (
				29BD7EDD1DB80E62003CD09D /* Debug */,
				29BD7EDE1DB80E62003CD09D /* Release */,
			);
			defaultConfigurationIsVisible = 0;
		};
/* End XCConfigurationList section */
	};
	rootObject = 29BD7EC21DB80E62003CD09D /* Project object */;
}
